
Microsoft Visual Studio Solution File, Format Version 12.00
# Visual Studio 14
VisualStudioVersion = 14.0.25420.1
MinimumVisualStudioVersion = 10.0.40219.1
Project("{FAE04EC0-301F-11D3-BF4B-00C04F79EFBC}") = "ChannelAdam.Nancy", "ChannelAdam.Nancy\ChannelAdam.Nancy.csproj", "{AA27EC70-C177-45B6-B323-C99FD9504F0C}"
EndProject
Project("{FAE04EC0-301F-11D3-BF4B-00C04F79EFBC}") = "ChannelAdam.Nancy.Soap", "ChannelAdam.Nancy.Soap\ChannelAdam.Nancy.Soap.csproj", "{676B5238-C723-410E-9382-5F94C8BD349A}"
EndProject
Global
	GlobalSection(SolutionConfigurationPlatforms) = preSolution
		Debug|Any CPU = Debug|Any CPU
		Release|Any CPU = Release|Any CPU
	EndGlobalSection
	GlobalSection(ProjectConfigurationPlatforms) = postSolution
		{AA27EC70-C177-45B6-B323-C99FD9504F0C}.Debug|Any CPU.ActiveCfg = Debug|Any CPU
		{AA27EC70-C177-45B6-B323-C99FD9504F0C}.Debug|Any CPU.Build.0 = Debug|Any CPU
		{AA27EC70-C177-45B6-B323-C99FD9504F0C}.Release|Any CPU.ActiveCfg = Release|Any CPU
		{AA27EC70-C177-45B6-B323-C99FD9504F0C}.Release|Any CPU.Build.0 = Release|Any CPU
		{676B5238-C723-410E-9382-5F94C8BD349A}.Debug|Any CPU.ActiveCfg = Debug|Any CPU
		{676B5238-C723-410E-9382-5F94C8BD349A}.Debug|Any CPU.Build.0 = Debug|Any CPU
		{676B5238-C723-410E-9382-5F94C8BD349A}.Release|Any CPU.ActiveCfg = Release|Any CPU
		{676B5238-C723-410E-9382-5F94C8BD349A}.Release|Any CPU.Build.0 = Release|Any CPU
	EndGlobalSection
	GlobalSection(SolutionProperties) = preSolution
		HideSolutionNode = FALSE
	EndGlobalSection
EndGlobal
